// !$*UTF8*$!
{
	archiveVersion = 1;
	classes = {
	};
	objectVersion = 56;
	objects = {

/* Begin PBXBuildFile section */
		F5F0F1A82A162AB70060B9EB /* AppDelegate.swift in Sources */ = {isa = PBXBuildFile; fileRef = F5F0F1A72A162AB70060B9EB /* AppDelegate.swift */; };
		F5F0F1AA2A162AB70060B9EB /* SceneDelegate.swift in Sources */ = {isa = PBXBuildFile; fileRef = F5F0F1A92A162AB70060B9EB /* SceneDelegate.swift */; };
		F5F0F1AF2A162AB70060B9EB /* Main.storyboard in Resources */ = {isa = PBXBuildFile; fileRef = F5F0F1AD2A162AB70060B9EB /* Main.storyboard */; };
		F5F0F1B12A162AB90060B9EB /* Assets.xcassets in Resources */ = {isa = PBXBuildFile; fileRef = F5F0F1B02A162AB90060B9EB /* Assets.xcassets */; };
		F5F0F1B42A162AB90060B9EB /* LaunchScreen.storyboard in Resources */ = {isa = PBXBuildFile; fileRef = F5F0F1B22A162AB90060B9EB /* LaunchScreen.storyboard */; };
		F5F0F1BC2A162BF90060B9EB /* DataStore.swift in Sources */ = {isa = PBXBuildFile; fileRef = F5F0F1BB2A162BF90060B9EB /* DataStore.swift */; };
		F5F0F1C22A162CD90060B9EB /* ContactListViewController.swift in Sources */ = {isa = PBXBuildFile; fileRef = F5F0F1C12A162CD90060B9EB /* ContactListViewController.swift */; };
		F5F0F1C52A163A210060B9EB /* Person.swift in Sources */ = {isa = PBXBuildFile; fileRef = F5F0F1C42A163A210060B9EB /* Person.swift */; };
/* End PBXBuildFile section */

/* Begin PBXFileReference section */
		F5F0F1A42A162AB70060B9EB /* ContactListApp.app */ = {isa = PBXFileReference; explicitFileType = wrapper.application; includeInIndex = 0; path = ContactListApp.app; sourceTree = BUILT_PRODUCTS_DIR; };
		F5F0F1A72A162AB70060B9EB /* AppDelegate.swift */ = {isa = PBXFileReference; lastKnownFileType = sourcecode.swift; path = AppDelegate.swift; sourceTree = "<group>"; };
		F5F0F1A92A162AB70060B9EB /* SceneDelegate.swift */ = {isa = PBXFileReference; lastKnownFileType = sourcecode.swift; path = SceneDelegate.swift; sourceTree = "<group>"; };
		F5F0F1AE2A162AB70060B9EB /* Base */ = {isa = PBXFileReference; lastKnownFileType = file.storyboard; name = Base; path = Base.lproj/Main.storyboard; sourceTree = "<group>"; };
		F5F0F1B02A162AB90060B9EB /* Assets.xcassets */ = {isa = PBXFileReference; lastKnownFileType = folder.assetcatalog; path = Assets.xcassets; sourceTree = "<group>"; };
		F5F0F1B32A162AB90060B9EB /* Base */ = {isa = PBXFileReference; lastKnownFileType = file.storyboard; name = Base; path = Base.lproj/LaunchScreen.storyboard; sourceTree = "<group>"; };
		F5F0F1B52A162AB90060B9EB /* Info.plist */ = {isa = PBXFileReference; lastKnownFileType = text.plist.xml; path = Info.plist; sourceTree = "<group>"; };
		F5F0F1BB2A162BF90060B9EB /* DataStore.swift */ = {isa = PBXFileReference; lastKnownFileType = sourcecode.swift; path = DataStore.swift; sourceTree = "<group>"; };
		F5F0F1C12A162CD90060B9EB /* ContactListViewController.swift */ = {isa = PBXFileReference; lastKnownFileType = sourcecode.swift; path = ContactListViewController.swift; sourceTree = "<group>"; };
		F5F0F1C42A163A210060B9EB /* Person.swift */ = {isa = PBXFileReference; lastKnownFileType = sourcecode.swift; path = Person.swift; sourceTree = "<group>"; };
/* End PBXFileReference section */

/* Begin PBXFrameworksBuildPhase section */
		F5F0F1A12A162AB70060B9EB /* Frameworks */ = {
			isa = PBXFrameworksBuildPhase;
			buildActionMask = 2147483647;
			files = (
			);
			runOnlyForDeploymentPostprocessing = 0;
		};
/* End PBXFrameworksBuildPhase section */

/* Begin PBXGroup section */
		F5F0F19B2A162AB60060B9EB = {
			isa = PBXGroup;
			children = (
				F5F0F1A62A162AB70060B9EB /* ContactListApp */,
				F5F0F1A52A162AB70060B9EB /* Products */,
			);
			sourceTree = "<group>";
		};
		F5F0F1A52A162AB70060B9EB /* Products */ = {
			isa = PBXGroup;
			children = (
				F5F0F1A42A162AB70060B9EB /* ContactListApp.app */,
			);
			name = Products;
			sourceTree = "<group>";
		};
		F5F0F1A62A162AB70060B9EB /* ContactListApp */ = {
			isa = PBXGroup;
			children = (
				F5F0F1C62A163A360060B9EB /* Models */,
				F5F0F1BD2A162C090060B9EB /* App */,
				F5F0F1BE2A162C300060B9EB /* Storyboards */,
				F5F0F1BF2A162C4B0060B9EB /* Servises */,
				F5F0F1C02A162C610060B9EB /* Resourses */,
				F5F0F1C32A162CF50060B9EB /* ViewControllers */,
			);
			path = ContactListApp;
			sourceTree = "<group>";
		};
		F5F0F1BD2A162C090060B9EB /* App */ = {
			isa = PBXGroup;
			children = (
				F5F0F1B52A162AB90060B9EB /* Info.plist */,
				F5F0F1A72A162AB70060B9EB /* AppDelegate.swift */,
				F5F0F1A92A162AB70060B9EB /* SceneDelegate.swift */,
			);
			path = App;
			sourceTree = "<group>";
		};
		F5F0F1BE2A162C300060B9EB /* Storyboards */ = {
			isa = PBXGroup;
			children = (
				F5F0F1AD2A162AB70060B9EB /* Main.storyboard */,
				F5F0F1B22A162AB90060B9EB /* LaunchScreen.storyboard */,
			);
			path = Storyboards;
			sourceTree = "<group>";
		};
		F5F0F1BF2A162C4B0060B9EB /* Servises */ = {
			isa = PBXGroup;
			children = (
				F5F0F1BB2A162BF90060B9EB /* DataStore.swift */,
			);
			path = Servises;
			sourceTree = "<group>";
		};
		F5F0F1C02A162C610060B9EB /* Resourses */ = {
			isa = PBXGroup;
			children = (
				F5F0F1B02A162AB90060B9EB /* Assets.xcassets */,
			);
			path = Resourses;
			sourceTree = "<group>";
		};
		F5F0F1C32A162CF50060B9EB /* ViewControllers */ = {
			isa = PBXGroup;
			children = (
				F5F0F1C12A162CD90060B9EB /* ContactListViewController.swift */,
			);
			path = ViewControllers;
			sourceTree = "<group>";
		};
		F5F0F1C62A163A360060B9EB /* Models */ = {
			isa = PBXGroup;
			children = (
				F5F0F1C42A163A210060B9EB /* Person.swift */,
			);
			path = Models;
			sourceTree = "<group>";
		};
/* End PBXGroup section */

/* Begin PBXNativeTarget section */
		F5F0F1A32A162AB70060B9EB /* ContactListApp */ = {
			isa = PBXNativeTarget;
			buildConfigurationList = F5F0F1B82A162AB90060B9EB /* Build configuration list for PBXNativeTarget "ContactListApp" */;
			buildPhases = (
				F5F0F1A02A162AB70060B9EB /* Sources */,
				F5F0F1A12A162AB70060B9EB /* Frameworks */,
				F5F0F1A22A162AB70060B9EB /* Resources */,
			);
			buildRules = (
			);
			dependencies = (
			);
			name = ContactListApp;
			productName = ContactListApp;
			productReference = F5F0F1A42A162AB70060B9EB /* ContactListApp.app */;
			productType = "com.apple.product-type.application";
		};
/* End PBXNativeTarget section */

/* Begin PBXProject section */
		F5F0F19C2A162AB60060B9EB /* Project object */ = {
			isa = PBXProject;
			attributes = {
				BuildIndependentTargetsInParallel = 1;
				LastSwiftUpdateCheck = 1430;
				LastUpgradeCheck = 1430;
				TargetAttributes = {
					F5F0F1A32A162AB70060B9EB = {
						CreatedOnToolsVersion = 14.3;
					};
				};
			};
			buildConfigurationList = F5F0F19F2A162AB60060B9EB /* Build configuration list for PBXProject "ContactListApp" */;
			compatibilityVersion = "Xcode 14.0";
			developmentRegion = en;
			hasScannedForEncodings = 0;
			knownRegions = (
				en,
				Base,
			);
			mainGroup = F5F0F19B2A162AB60060B9EB;
			productRefGroup = F5F0F1A52A162AB70060B9EB /* Products */;
			projectDirPath = "";
			projectRoot = "";
			targets = (
				F5F0F1A32A162AB70060B9EB /* ContactListApp */,
			);
		};
/* End PBXProject section */

/* Begin PBXResourcesBuildPhase section */
		F5F0F1A22A162AB70060B9EB /* Resources */ = {
			isa = PBXResourcesBuildPhase;
			buildActionMask = 2147483647;
			files = (
				F5F0F1B42A162AB90060B9EB /* LaunchScreen.storyboard in Resources */,
				F5F0F1B12A162AB90060B9EB /* Assets.xcassets in Resources */,
				F5F0F1AF2A162AB70060B9EB /* Main.storyboard in Resources */,
			);
			runOnlyForDeploymentPostprocessing = 0;
		};
/* End PBXResourcesBuildPhase section */

/* Begin PBXSourcesBuildPhase section */
		F5F0F1A02A162AB70060B9EB /* Sources */ = {
			isa = PBXSourcesBuildPhase;
			buildActionMask = 2147483647;
			files = (
				F5F0F1C52A163A210060B9EB /* Person.swift in Sources */,
				F5F0F1A82A162AB70060B9EB /* AppDelegate.swift in Sources */,
				F5F0F1C22A162CD90060B9EB /* ContactListViewController.swift in Sources */,
				F5F0F1BC2A162BF90060B9EB /* DataStore.swift in Sources */,
				F5F0F1AA2A162AB70060B9EB /* SceneDelegate.swift in Sources */,
			);
			runOnlyForDeploymentPostprocessing = 0;
		};
/* End PBXSourcesBuildPhase section */

/* Begin PBXVariantGroup section */
		F5F0F1AD2A162AB70060B9EB /* Main.storyboard */ = {
			isa = PBXVariantGroup;
			children = (
				F5F0F1AE2A162AB70060B9EB /* Base */,
			);
			name = Main.storyboard;
			sourceTree = "<group>";
		};
		F5F0F1B22A162AB90060B9EB /* LaunchScreen.storyboard */ = {
			isa = PBXVariantGroup;
			children = (
				F5F0F1B32A162AB90060B9EB /* Base */,
			);
			name = LaunchScreen.storyboard;
			sourceTree = "<group>";
		};
/* End PBXVariantGroup section */

/* Begin XCBuildConfiguration section */
		F5F0F1B62A162AB90060B9EB /* Debug */ = {
			isa = XCBuildConfiguration;
			buildSettings = {
				ALWAYS_SEARCH_USER_PATHS = NO;
				CLANG_ANALYZER_NONNULL = YES;
				CLANG_ANALYZER_NUMBER_OBJECT_CONVERSION = YES_AGGRESSIVE;
				CLANG_CXX_LANGUAGE_STANDARD = "gnu++20";
				CLANG_ENABLE_MODULES = YES;
				CLANG_ENABLE_OBJC_ARC = YES;
				CLANG_ENABLE_OBJC_WEAK = YES;
				CLANG_WARN_BLOCK_CAPTURE_AUTORELEASING = YES;
				CLANG_WARN_BOOL_CONVERSION = YES;
				CLANG_WARN_COMMA = YES;
				CLANG_WARN_CONSTANT_CONVERSION = YES;
				CLANG_WARN_DEPRECATED_OBJC_IMPLEMENTATIONS = YES;
				CLANG_WARN_DIRECT_OBJC_ISA_USAGE = YES_ERROR;
				CLANG_WARN_DOCUMENTATION_COMMENTS = YES;
				CLANG_WARN_EMPTY_BODY = YES;
				CLANG_WARN_ENUM_CONVERSION = YES;
				CLANG_WARN_INFINITE_RECURSION = YES;
				CLANG_WARN_INT_CONVERSION = YES;
				CLANG_WARN_NON_LITERAL_NULL_CONVERSION = YES;
				CLANG_WARN_OBJC_IMPLICIT_RETAIN_SELF = YES;
				CLANG_WARN_OBJC_LITERAL_CONVERSION = YES;
				CLANG_WARN_OBJC_ROOT_CLASS = YES_ERROR;
				CLANG_WARN_QUOTED_INCLUDE_IN_FRAMEWORK_HEADER = YES;
				CLANG_WARN_RANGE_LOOP_ANALYSIS = YES;
				CLANG_WARN_STRICT_PROTOTYPES = YES;
				CLANG_WARN_SUSPICIOUS_MOVE = YES;
				CLANG_WARN_UNGUARDED_AVAILABILITY = YES_AGGRESSIVE;
				CLANG_WARN_UNREACHABLE_CODE = YES;
				CLANG_WARN__DUPLICATE_METHOD_MATCH = YES;
				COPY_PHASE_STRIP = NO;
				DEBUG_INFORMATION_FORMAT = dwarf;
				ENABLE_STRICT_OBJC_MSGSEND = YES;
				ENABLE_TESTABILITY = YES;
				GCC_C_LANGUAGE_STANDARD = gnu11;
				GCC_DYNAMIC_NO_PIC = NO;
				GCC_NO_COMMON_BLOCKS = YES;
				GCC_OPTIMIZATION_LEVEL = 0;
				GCC_PREPROCESSOR_DEFINITIONS = (
					"DEBUG=1",
					"$(inherited)",
				);
				GCC_WARN_64_TO_32_BIT_CONVERSION = YES;
				GCC_WARN_ABOUT_RETURN_TYPE = YES_ERROR;
				GCC_WARN_UNDECLARED_SELECTOR = YES;
				GCC_WARN_UNINITIALIZED_AUTOS = YES_AGGRESSIVE;
				GCC_WARN_UNUSED_FUNCTION = YES;
				GCC_WARN_UNUSED_VARIABLE = YES;
				IPHONEOS_DEPLOYMENT_TARGET = 16.4;
				MTL_ENABLE_DEBUG_INFO = INCLUDE_SOURCE;
				MTL_FAST_MATH = YES;
				ONLY_ACTIVE_ARCH = YES;
				SDKROOT = iphoneos;
				SWIFT_ACTIVE_COMPILATION_CONDITIONS = DEBUG;
				SWIFT_OPTIMIZATION_LEVEL = "-Onone";
			};
			name = Debug;
		};
		F5F0F1B72A162AB90060B9EB /* Release */ = {
			isa = XCBuildConfiguration;
			buildSettings = {
				ALWAYS_SEARCH_USER_PATHS = NO;
				CLANG_ANALYZER_NONNULL = YES;
				CLANG_ANALYZER_NUMBER_OBJECT_CONVERSION = YES_AGGRESSIVE;
				CLANG_CXX_LANGUAGE_STANDARD = "gnu++20";
				CLANG_ENABLE_MODULES = YES;
				CLANG_ENABLE_OBJC_ARC = YES;
				CLANG_ENABLE_OBJC_WEAK = YES;
				CLANG_WARN_BLOCK_CAPTURE_AUTORELEASING = YES;
				CLANG_WARN_BOOL_CONVERSION = YES;
				CLANG_WARN_COMMA = YES;
				CLANG_WARN_CONSTANT_CONVERSION = YES;
				CLANG_WARN_DEPRECATED_OBJC_IMPLEMENTATIONS = YES;
				CLANG_WARN_DIRECT_OBJC_ISA_USAGE = YES_ERROR;
				CLANG_WARN_DOCUMENTATION_COMMENTS = YES;
				CLANG_WARN_EMPTY_BODY = YES;
				CLANG_WARN_ENUM_CONVERSION = YES;
				CLANG_WARN_INFINITE_RECURSION = YES;
				CLANG_WARN_INT_CONVERSION = YES;
				CLANG_WARN_NON_LITERAL_NULL_CONVERSION = YES;
				CLANG_WARN_OBJC_IMPLICIT_RETAIN_SELF = YES;
				CLANG_WARN_OBJC_LITERAL_CONVERSION = YES;
				CLANG_WARN_OBJC_ROOT_CLASS = YES_ERROR;
				CLANG_WARN_QUOTED_INCLUDE_IN_FRAMEWORK_HEADER = YES;
				CLANG_WARN_RANGE_LOOP_ANALYSIS = YES;
				CLANG_WARN_STRICT_PROTOTYPES = YES;
				CLANG_WARN_SUSPICIOUS_MOVE = YES;
				CLANG_WARN_UNGUARDED_AVAILABILITY = YES_AGGRESSIVE;
				CLANG_WARN_UNREACHABLE_CODE = YES;
				CLANG_WARN__DUPLICATE_METHOD_MATCH = YES;
				COPY_PHASE_STRIP = NO;
				DEBUG_INFORMATION_FORMAT = "dwarf-with-dsym";
				ENABLE_NS_ASSERTIONS = NO;
				ENABLE_STRICT_OBJC_MSGSEND = YES;
				GCC_C_LANGUAGE_STANDARD = gnu11;
				GCC_NO_COMMON_BLOCKS = YES;
				GCC_WARN_64_TO_32_BIT_CONVERSION = YES;
				GCC_WARN_ABOUT_RETURN_TYPE = YES_ERROR;
				GCC_WARN_UNDECLARED_SELECTOR = YES;
				GCC_WARN_UNINITIALIZED_AUTOS = YES_AGGRESSIVE;
				GCC_WARN_UNUSED_FUNCTION = YES;
				GCC_WARN_UNUSED_VARIABLE = YES;
				IPHONEOS_DEPLOYMENT_TARGET = 16.4;
				MTL_ENABLE_DEBUG_INFO = NO;
				MTL_FAST_MATH = YES;
				SDKROOT = iphoneos;
				SWIFT_COMPILATION_MODE = wholemodule;
				SWIFT_OPTIMIZATION_LEVEL = "-O";
				VALIDATE_PRODUCT = YES;
			};
			name = Release;
		};
		F5F0F1B92A162AB90060B9EB /* Debug */ = {
			isa = XCBuildConfiguration;
			buildSettings = {
				ASSETCATALOG_COMPILER_APPICON_NAME = AppIcon;
				ASSETCATALOG_COMPILER_GLOBAL_ACCENT_COLOR_NAME = AccentColor;
				CODE_SIGN_STYLE = Automatic;
				CURRENT_PROJECT_VERSION = 1;
				DEVELOPMENT_TEAM = XKWG4AGNW6;
				GENERATE_INFOPLIST_FILE = YES;
				INFOPLIST_FILE = ContactListApp/App/Info.plist;
				INFOPLIST_KEY_UIApplicationSupportsIndirectInputEvents = YES;
				INFOPLIST_KEY_UILaunchStoryboardName = LaunchScreen;
				INFOPLIST_KEY_UIMainStoryboardFile = Main;
				INFOPLIST_KEY_UISupportedInterfaceOrientations_iPad = "UIInterfaceOrientationPortrait UIInterfaceOrientationPortraitUpsideDown UIInterfaceOrientationLandscapeLeft UIInterfaceOrientationLandscapeRight";
				INFOPLIST_KEY_UISupportedInterfaceOrientations_iPhone = "UIInterfaceOrientationPortrait UIInterfaceOrientationLandscapeLeft UIInterfaceOrientationLandscapeRight";
				LD_RUNPATH_SEARCH_PATHS = (
					"$(inherited)",
					"@executable_path/Frameworks",
				);
				MARKETING_VERSION = 1.0;
				PRODUCT_BUNDLE_IDENTIFIER = none.ContactListApp;
				PRODUCT_NAME = "$(TARGET_NAME)";
				SWIFT_EMIT_LOC_STRINGS = YES;
				SWIFT_VERSION = 5.0;
				TARGETED_DEVICE_FAMILY = "1,2";
			};
			name = Debug;
		};
		F5F0F1BA2A162AB90060B9EB /* Release */ = {
			isa = XCBuildConfiguration;
			buildSettings = {
				ASSETCATALOG_COMPILER_APPICON_NAME = AppIcon;
				ASSETCATALOG_COMPILER_GLOBAL_ACCENT_COLOR_NAME = AccentColor;
				CODE_SIGN_STYLE = Automatic;
				CURRENT_PROJECT_VERSION = 1;
				DEVELOPMENT_TEAM = XKWG4AGNW6;
				GENERATE_INFOPLIST_FILE = YES;
				INFOPLIST_FILE = ContactListApp/App/Info.plist;
				INFOPLIST_KEY_UIApplicationSupportsIndirectInputEvents = YES;
				INFOPLIST_KEY_UILaunchStoryboardName = LaunchScreen;
				INFOPLIST_KEY_UIMainStoryboardFile = Main;
				INFOPLIST_KEY_UISupportedInterfaceOrientations_iPad = "UIInterfaceOrientationPortrait UIInterfaceOrientationPortraitUpsideDown UIInterfaceOrientationLandscapeLeft UIInterfaceOrientationLandscapeRight";
				INFOPLIST_KEY_UISupportedInterfaceOrientations_iPhone = "UIInterfaceOrientationPortrait UIInterfaceOrientationLandscapeLeft UIInterfaceOrientationLandscapeRight";
				LD_RUNPATH_SEARCH_PATHS = (
					"$(inherited)",
					"@executable_path/Frameworks",
				);
				MARKETING_VERSION = 1.0;
				PRODUCT_BUNDLE_IDENTIFIER = none.ContactListApp;
				PRODUCT_NAME = "$(TARGET_NAME)";
				SWIFT_EMIT_LOC_STRINGS = YES;
				SWIFT_VERSION = 5.0;
				TARGETED_DEVICE_FAMILY = "1,2";
			};
			name = Release;
		};
/* End XCBuildConfiguration section */

/* Begin XCConfigurationList section */
		F5F0F19F2A162AB60060B9EB /* Build configuration list for PBXProject "ContactListApp" */ = {
			isa = XCConfigurationList;
			buildConfigurations = (
				F5F0F1B62A162AB90060B9EB /* Debug */,
				F5F0F1B72A162AB90060B9EB /* Release */,
			);
			defaultConfigurationIsVisible = 0;
			defaultConfigurationName = Release;
		};
		F5F0F1B82A162AB90060B9EB /* Build configuration list for PBXNativeTarget "ContactListApp" */ = {
			isa = XCConfigurationList;
			buildConfigurations = (
				F5F0F1B92A162AB90060B9EB /* Debug */,
				F5F0F1BA2A162AB90060B9EB /* Release */,
			);
			defaultConfigurationIsVisible = 0;
			defaultConfigurationName = Release;
		};
/* End XCConfigurationList section */
	};
	rootObject = F5F0F19C2A162AB60060B9EB /* Project object */;
}
